
Microsoft Visual Studio Solution File, Format Version 12.00
# Visual Studio Version 16
VisualStudioVersion = 16.0.29728.190
MinimumVisualStudioVersion = 10.0.40219.1
Project("{2150E333-8FDC-42A3-9474-1A3956D46DE8}") = "DDD+Onion", "DDD+Onion", "{AE2F7C75-E6DF-4608-AD91-04D32130947F}"
EndProject
Project("{2150E333-8FDC-42A3-9474-1A3956D46DE8}") = "Microserices", "Microserices", "{42B7E4D6-6651-4AC5-AE07-E35B401AFB08}"
EndProject
Project("{9A19103F-16F7-4668-BE54-9A1E7A4F7556}") = "BookingMsApiV2", "DDD+Onion\BookingMSAPIV2\BookingMsApiV2.csproj", "{91285EA4-CDC5-490E-88A8-AD994A3AB6E6}"
EndProject
Global
	GlobalSection(SolutionConfigurationPlatforms) = preSolution
		Debug|Any CPU = Debug|Any CPU
		Release|Any CPU = Release|Any CPU
	EndGlobalSection
	GlobalSection(ProjectConfigurationPlatforms) = postSolution
		{91285EA4-CDC5-490E-88A8-AD994A3AB6E6}.Debug|Any CPU.ActiveCfg = Debug|Any CPU
		{91285EA4-CDC5-490E-88A8-AD994A3AB6E6}.Debug|Any CPU.Build.0 = Debug|Any CPU
		{91285EA4-CDC5-490E-88A8-AD994A3AB6E6}.Release|Any CPU.ActiveCfg = Release|Any CPU
		{91285EA4-CDC5-490E-88A8-AD994A3AB6E6}.Release|Any CPU.Build.0 = Release|Any CPU
	EndGlobalSection
	GlobalSection(SolutionProperties) = preSolution
		HideSolutionNode = FALSE
	EndGlobalSection
	GlobalSection(NestedProjects) = preSolution
		{42B7E4D6-6651-4AC5-AE07-E35B401AFB08} = {AE2F7C75-E6DF-4608-AD91-04D32130947F}
		{91285EA4-CDC5-490E-88A8-AD994A3AB6E6} = {42B7E4D6-6651-4AC5-AE07-E35B401AFB08}
	EndGlobalSection
	GlobalSection(ExtensibilityGlobals) = postSolution
		SolutionGuid = {884866C6-D177-46D6-A1BA-35228ECB94CE}
	EndGlobalSection
EndGlobal
